
Microsoft Visual Studio Solution File, Format Version 12.00
# Visual Studio 15
VisualStudioVersion = 15.0.28010.2048
MinimumVisualStudioVersion = 10.0.40219.1
Project("{FAE04EC0-301F-11D3-BF4B-00C04F79EFBC}") = "OdeToFood", "OdeToFood\OdeToFood.csproj", "{1BA64098-72EB-4E89-8B53-2FD3305437D8}"
EndProject
Project("{FAE04EC0-301F-11D3-BF4B-00C04F79EFBC}") = "OdeToFood.Core", "OdeToFood.Core\OdeToFood.Core.csproj", "{8CB18BEA-F6CA-41F0-A1F1-4C983565D7DD}"
EndProject
Project("{FAE04EC0-301F-11D3-BF4B-00C04F79EFBC}") = "OdeToFood.Data", "OdeToFood.Data\OdeToFood.Data.csproj", "{596E70A4-0F67-426A-92C2-299059F42775}"
EndProject
Global
	GlobalSection(SolutionConfigurationPlatforms) = preSolution
		Debug|Any CPU = Debug|Any CPU
		Release|Any CPU = Release|Any CPU
	EndGlobalSection
	GlobalSection(ProjectConfigurationPlatforms) = postSolution
		{1BA64098-72EB-4E89-8B53-2FD3305437D8}.Debug|Any CPU.ActiveCfg = Debug|Any CPU
		{1BA64098-72EB-4E89-8B53-2FD3305437D8}.Debug|Any CPU.Build.0 = Debug|Any CPU
		{1BA64098-72EB-4E89-8B53-2FD3305437D8}.Release|Any CPU.ActiveCfg = Release|Any CPU
		{1BA64098-72EB-4E89-8B53-2FD3305437D8}.Release|Any CPU.Build.0 = Release|Any CPU
		{8CB18BEA-F6CA-41F0-A1F1-4C983565D7DD}.Debug|Any CPU.ActiveCfg = Debug|Any CPU
		{8CB18BEA-F6CA-41F0-A1F1-4C983565D7DD}.Debug|Any CPU.Build.0 = Debug|Any CPU
		{8CB18BEA-F6CA-41F0-A1F1-4C983565D7DD}.Release|Any CPU.ActiveCfg = Release|Any CPU
		{8CB18BEA-F6CA-41F0-A1F1-4C983565D7DD}.Release|Any CPU.Build.0 = Release|Any CPU
		{596E70A4-0F67-426A-92C2-299059F42775}.Debug|Any CPU.ActiveCfg = Debug|Any CPU
		{596E70A4-0F67-426A-92C2-299059F42775}.Debug|Any CPU.Build.0 = Debug|Any CPU
		{596E70A4-0F67-426A-92C2-299059F42775}.Release|Any CPU.ActiveCfg = Release|Any CPU
		{596E70A4-0F67-426A-92C2-299059F42775}.Release|Any CPU.Build.0 = Release|Any CPU
	EndGlobalSection
	GlobalSection(SolutionProperties) = preSolution
		HideSolutionNode = FALSE
	EndGlobalSection
	GlobalSection(ExtensibilityGlobals) = postSolution
		SolutionGuid = {EF6F1A72-D708-4019-9427-D0734E6DB2C3}
	EndGlobalSection
EndGlobal
